
Microsoft Visual Studio Solution File, Format Version 12.00
# Visual Studio Version 16
VisualStudioVersion = 16.0.30104.148
MinimumVisualStudioVersion = 10.0.40219.1
Project("{FAE04EC0-301F-11D3-BF4B-00C04F79EFBC}") = "DataStructuresAndAlgorithms", "DataStructuresAndAlgorithms\DataStructuresAndAlgorithms.csproj", "{88A7497B-7ED5-43D3-ABF6-E5A670668C0E}"
EndProject
Global
	GlobalSection(SolutionConfigurationPlatforms) = preSolution
		Debug|Any CPU = Debug|Any CPU
		Release|Any CPU = Release|Any CPU
	EndGlobalSection
	GlobalSection(ProjectConfigurationPlatforms) = postSolution
		{88A7497B-7ED5-43D3-ABF6-E5A670668C0E}.Debug|Any CPU.ActiveCfg = Debug|Any CPU
		{88A7497B-7ED5-43D3-ABF6-E5A670668C0E}.Debug|Any CPU.Build.0 = Debug|Any CPU
		{88A7497B-7ED5-43D3-ABF6-E5A670668C0E}.Release|Any CPU.ActiveCfg = Release|Any CPU
		{88A7497B-7ED5-43D3-ABF6-E5A670668C0E}.Release|Any CPU.Build.0 = Release|Any CPU
	EndGlobalSection
	GlobalSection(SolutionProperties) = preSolution
		HideSolutionNode = FALSE
	EndGlobalSection
	GlobalSection(ExtensibilityGlobals) = postSolution
		SolutionGuid = {762ECA2A-77C3-4761-9294-50141AD95430}
	EndGlobalSection
EndGlobal
